[{<<"gb_trees_ext">>,
  {git,"https://github.com/lasp-lang/gb_trees_ext.git",
       {ref,"dba0bbc4bc55d4f062e0bf5c0b807a4eb915e934"}},
  0},
 {<<"gen_flow">>,
  {git,"https://github.com/lasp-lang/gen_flow.git",
       {ref,"5cc610b8211c8b638a91fe56ba39eebd16157191"}},
  0},
 {<<"goldrush">>,
  {git,"git://github.com/DeadZen/goldrush.git",
       {ref,"212299233c7e7eb63a97be2777e1c05ebaa58dbe"}},
  1},
 {<<"jsx">>,
  {git,"https://github.com/talentdeficit/jsx.git",
       {ref,"3074d4865b3385a050badf7828ad31490d860df5"}},
  0},
 {<<"lager">>,
  {git,"https://github.com/basho/lager",
       {ref,"b2cb2735713e3021e0761623ff595d53a545438e"}},
  0},
 {<<"lasp_support">>,
  {git,"https://github.com/lasp-lang/lasp_support.git",
       {ref,"f5b72230e04a16a511f30cef22cdda1204cd7585"}},
  0},
 {<<"mochiweb">>,
  {git,"https://github.com/mochi/mochiweb.git",
       {ref,"c3fb6aed018d47a9c313daa966657a157d88dbc6"}},
  0},
 {<<"partisan">>,
  {git,"https://github.com/lasp-lang/partisan",
       {ref,"4a252246e4d3f88b28df8608ab82311ac052633f"}},
  0},
 {<<"plumtree">>,
  {git,"https://github.com/lasp-lang/plumtree",
       {ref,"8f39da9e4a122a5938b5551819ebf2862efd8055"}},
  0},
 {<<"ranch">>,
  {git,"https://github.com/extend/ranch.git",
       {ref,"a5d2efcde9a34ad38ab89a26d98ea5335e88625a"}},
  0},
 {<<"riak_dt">>,
  {git,"git://github.com/helium/riak_dt.git",
       {ref,"15d66cb26c2028c1ad1271c359b1d5da213825c3"}},
  1},
 {<<"sext">>,
  {git,"https://github.com/uwiger/sext.git",
       {ref,"35520daea8ddc48569249ad19637f4cc75fbd03d"}},
  0},
 {<<"time_compat">>,
  {git,"https://github.com/lasp-lang/time_compat.git",
       {ref,"6007f68892104ebb6fa2366cebf9d928d8856273"}},
  0},
 {<<"types">>,
  {git,"https://github.com/lasp-lang/types.git",
       {ref,"32e31ee7b56668604d09300b10ddbb533f0afd3e"}},
  0},
 {<<"webmachine">>,
  {git,"https://github.com/webmachine/webmachine.git",
       {ref,"c4bf1a6119c1f983cc06462c4b1c09dcbcd64195"}},
  0}].
