{"1.1.0",
[{<<"acceptor_pool">>,{pkg,<<"acceptor_pool">>,<<"1.0.0-rc.0">>},1},
 {<<"eini">>,{pkg,<<"eini">>,<<"1.2.4">>},1},
 {<<"eredis">>,
  {git,"git://github.com/wooga/eredis.git",
       {ref,"0951eff7a2241d38b9c4d2c5a6734eda74db945d"}},
  0},
 {<<"erlcloud">>,{pkg,<<"erlcloud">>,<<"2.0.4">>},0},
 {<<"gb_trees_ext">>,
  {git,"https://github.com/lasp-lang/gb_trees_ext",
       {ref,"dba0bbc4bc55d4f062e0bf5c0b807a4eb915e934"}},
  0},
 {<<"gen_flow">>,
  {git,"https://github.com/lasp-lang/gen_flow",
       {ref,"9a4d374e8083e9881a50b0d1f5d5497f7b8c6987"}},
  0},
 {<<"goldrush">>,{pkg,<<"goldrush">>,<<"0.1.8">>},1},
 {<<"jsx">>,{pkg,<<"jsx">>,<<"2.8.0">>},0},
 {<<"lager">>,{pkg,<<"lager">>,<<"3.2.1">>},0},
 {<<"lasp_support">>,
  {git,"https://github.com/lasp-lang/lasp_support",
       {ref,"f5b72230e04a16a511f30cef22cdda1204cd7585"}},
  0},
 {<<"lhttpc">>,{pkg,<<"lhttpc">>,<<"1.4.0">>},1},
 {<<"mochiweb">>,{pkg,<<"mochiweb">>,<<"2.12.2">>},1},
 {<<"partisan">>,
  {git,"https://github.com/lasp-lang/partisan",
       {ref,"c548d4f13d733dce10f07b8d59aa4f8b9a8f60d0"}},
  0},
 {<<"plumtree">>,
  {git,"https://github.com/lasp-lang/plumtree",
       {ref,"709275b63b60bb5df5bd3705dcd9e268dca98982"}},
  0},
 {<<"ranch">>,{pkg,<<"ranch">>,<<"1.2.1">>},0},
 {<<"rand_compat">>,
  {git,"https://github.com/lasp-lang/rand_compat",
       {ref,"4f658110f57bfd1a3e966a7d65b23d5c8f868167"}},
  0},
 {<<"riak_dt">>,
  {git,"git://github.com/helium/riak_dt.git",
       {ref,"15d66cb26c2028c1ad1271c359b1d5da213825c3"}},
  1},
 {<<"sext">>,{pkg,<<"sext">>,<<"1.4.0">>},0},
 {<<"sprinter">>,
  {git,"git://github.com/lasp-lang/sprinter.git",
       {ref,"58d30c599ebc79b27d03304fa1a9d6aded7da519"}},
  0},
 {<<"time_compat">>,
  {git,"https://github.com/lasp-lang/time_compat",
       {ref,"6007f68892104ebb6fa2366cebf9d928d8856273"}},
  0},
 {<<"types">>,
  {git,"https://github.com/lasp-lang/types",
       {ref,"393e6a360302a6a374d5f77615af3f3a93959deb"}},
  0},
 {<<"webmachine">>,
  {git,"https://github.com/webmachine/webmachine",
       {ref,"8f1e4336771e96e24f4d046b671d42289b5113a7"}},
  0}]}.
[
{pkg_hash,[
 {<<"acceptor_pool">>, <<"679D741DF87FC13599B1AEF2DF8F78F1F880449A6BEFAB7C44FB6FAE0E92A2DE">>},
 {<<"eini">>, <<"ABD64A0533398A6D714D21219BB85F2D41FDB42665AC4080939B7BFA8E55F386">>},
 {<<"erlcloud">>, <<"02B404335B19AE125424805467C7F94D3EF755B4E06EBF281438D2D41CD0F820">>},
 {<<"goldrush">>, <<"2024BA375CEEA47E27EA70E14D2C483B2D8610101B4E852EF7F89163CDB6E649">>},
 {<<"jsx">>, <<"749BEC6D205C694AE1786D62CEA6CC45A390437E24835FD16D12D74F07097727">>},
 {<<"lager">>, <<"EEF4E18B39E4195D37606D9088EA05BF1B745986CF8EC84F01D332456FE88D17">>},
 {<<"lhttpc">>, <<"61760AFEC1DDB98E47972BE93B13FBFF487A63D65B91A02C41122A0ADF83DA38">>},
 {<<"mochiweb">>, <<"80804AD342AFA3D7F3524040D4EED66CE74B17A555DE454AC85B07C479928E46">>},
 {<<"ranch">>, <<"A6FB992C10F2187B46FFD17CE398DDF8A54F691B81768F9EF5F461EA7E28C762">>},
 {<<"sext">>, <<"2A9443A90C3164231A5E11C73133C4B1762B27FBF1647AA0DE06EF565C47B38B">>}]}
].
