%% THIS FILE IS GENERATED. DO NOT EDIT IT MANUALLY %%

{sub_dirs,["rel"]}.
{deps,[{node_package,".*",
                     {git,"git://github.com/basho/node_package.git",
                          "fb028057a97ad2ea86a4002403aaeb71a6adc7bb"}},
       {goldrush,".*",
                 {git,"git://github.com/DeadZen/goldrush.git",
                      "71e63212f12c25827e0c1b4198d37d5d018a7fec"}},
       {lager,".*",
              {git,"git://github.com/basho/lager",
                   "d33ccf3b69de09a628fe38b4d7981bb8671b8a4f"}},
       {rebar_lock_deps_plugin,".*",
                               {git,"git://github.com/seth/rebar_lock_deps_plugin.git",
                                    "7a5835029c42b8138325405237ea7e8516a84800"}},
       {riak_dt,".*",
                {git,"git://github.com/lasp-lang/riak_dt",
                     "a2986bccd1cc42facdfe739495c6d13762ae0f37"}},
       {getopt,".*",
               {git,"git://github.com/jcomellas/getopt.git",
                    "388dc95caa7fb97ec7db8cfc39246a36aba61bd8"}},
       {neotoma,".*",
                {git,"git://github.com/seancribbs/neotoma.git",
                     "6ac6007c7713712a80096de5c7cdf5b85b01374e"}},
       {cuttlefish,".*",
                   {git,"git://github.com/basho/cuttlefish.git",
                        "68d54f6b7f0e1e1528fc6ae8555c424d12a31d68"}},
       {eleveldb,".*",
                 {git,"git://github.com/lasp-lang/eleveldb.git",
                      "f33872c3c377015d1b282f956e98938528c901b0"}},
       {lasp_support,".*",
                     {git,"git://github.com/lasp-lang/lasp_support",
                          "aaf210ae98c886d19e4c6bb1b346555a359956b0"}},
       {plumtree,".*",
                 {git,"git://github.com/lasp-lang/plumtree",
                      "0b97a64f3561c944fb0591101eb68d3447f8ec74"}},
       {druuid,".*",
               {git,"git://github.com/kellymclaughlin/druuid",
                    "b3c5c2a52bb3f510d168b32e64f6fbc6a3c6a0e6"}},
       {edown,".*",
              {git,"git://github.com/uwiger/edown.git",
                   "d62ec85281e451a46ba30045917c119d65b72a84"}},
       {sext,".*",
             {git,"git://github.com/basho/sext.git",
                  "846b9cc22456287a572efd4c924203d77778670f"}}]}.
{erl_opts,[debug_info,warnings_as_errors,
           {platform_define,"^[0-9]+",namespaced_types},
           {parse_transform,lager_transform}]}.
{cover_enabled,false}.
{eunit_opts,[verbose,{report,{eunit_surefire,[{dir,"."}]}}]}.
{edoc_opts,[{preprocess,true}]}.
{erl_first_files,["src/lasp_program.erl","src/lasp_peer_service.erl"]}.
{plugin_dir,".rebar_plugins"}.
{plugins,[rebar_test_plugin,rebar_lock_deps_plugin]}.
{riak_test,[{test_paths,["riak_test"]},{test_output,"riak_test/ebin"}]}.
{xref_checks,[]}.
{xref_queries,[{"(XC - UC) || (XU - X - B - \"(cluster_info|dtrace|riak_object)\" : Mod)",
                []}]}.

